{
  "node_modules/@types/whatwg-url": {
    "version": "11.0.5",
    "resolved": "https://registry.npmjs.org/@types/whatwg-url/-/whatwg-url-11.0.5.tgz",
    "integrity": "sha512-coYR071JRaHa+xoEvvYqvnIHaVqaYrLPbsufM9BF63HkwI5Lgmy2QR8Q5K/lYDYo5AK82wOvSOS0UsLTpTG7uQ==",
    "license": "MIT",
    "dependencies": {
      "@types/webidl-conversions": "*"
    }
  },
  "node_modules/@typescript-eslint/eslint-plugin": {
    "version": "8.33.1",
    "resolved": "https://registry.npmjs.org/@typescript-eslint/eslint-plugin/-/eslint-plugin-8.33.1.tgz",
    "integrity": "sha512-TDCXj+YxLgtvxvFlAvpoRv9MAncDLBV2oT9Bd7YBGC/b/sEURoOYuIwLI99rjWOfY3QtDzO+mk0n4AmdFExW8A==",
    "dev": true,
    "license": "MIT",
    "dependencies": {
      "@eslint-community/regexpp": "^4.10.0",
      "@typescript-eslint/scope-manager": "8.33.1",
      "@typescript-eslint/type-utils": "8.33.1",
      "@typescript-eslint/utils": "8.33.1",
      "@typescript-eslint/visitor-keys": "8.33.1",
      "graphemer": "^1.4.0",
      "ignore": "^7.0.0",
      "natural-compare": "^1.4.0",
      "ts-api-utils": "^2.1.0"
    },
    "engines": {
      "node": "^18.18.0 || ^20.9.0 || >=21.1.0"
    },
    "funding": {
      "type": "opencollective",
      "url": "https://opencollective.com/typescript-eslint"
    },
    "peerDependencies": {
      "@typescript-eslint/parser": "^8.33.1",
      "eslint": "^8.57.0 || ^9.0.0",
      "typescript": ">=4.8.4 <5.9.0"
    }
  },
  "node_modules/@typescript-eslint/parser": {
    "version": "8.33.1",
    "resolved": "https://registry.npmjs.org/@typescript-eslint/parser/-/parser-8.33.1.tgz",
    "integrity": "sha512-PRIjfThFiJOPV0dJiUZyBfdTx5e5PJTxvJdTYIGfCXmPZmLbkmlzPJ9yrKHTCIOGQO3l0Z9ysUgGnZgYA5FIbg==",
    "dev": true,
    "license": "BSD-2-Clause",
    "dependencies": {
      "@typescript-eslint/scope-manager": "8.33.1",
      "@typescript-eslint/types": "8.33.1",
      "@typescript-eslint/typescript-estree": "8.33.1",
      "@typescript-eslint/visitor-keys": "8.33.1",
      "debug": "^4.3.4"
    },
    "engines": {
      "node": "^18.18.0 || ^20.9.0 || >=21.1.0"
    },
    "funding": {
      "type": "opencollective",
      "url": "https://opencollective.com/typescript-eslint"
    },
    "peerDependencies": {
      "eslint": "^8.57.0 || ^9.0.0",
      "typescript": ">=4.8.4 <5.9.0"
    }
  }
}